<?xml version="1.0" encoding="utf-8"?>
<Project ToolsVersion="4.0" xmlns="http://schemas.microsoft.com/developer/msbuild/2003">
  <ItemGroup>
    <Filter Include="start files">
      <UniqueIdentifier>{a42e95f7-86ce-4b62-b065-f408340c10f0}</UniqueIdentifier>
    </Filter>
    <Filter Include="Core">
      <UniqueIdentifier>{b65e061f-ddc3-453f-90bb-aabaa8e59907}</UniqueIdentifier>
    </Filter>
    <Filter Include="Utility">
      <UniqueIdentifier>{f2b1377a-192b-4140-90b7-61456a732f83}</UniqueIdentifier>
    </Filter>
    <Filter Include="Maths">
      <UniqueIdentifier>{b50ac7cd-d6fc-4bd4-9407-fd5cb84106ca}</UniqueIdentifier>
    </Filter>
    <Filter Include="Graphics">
      <UniqueIdentifier>{9cb95e3d-54cc-4687-84f9-9a840030b6c4}</UniqueIdentifier>
    </Filter>
    <Filter Include="Services">
      <UniqueIdentifier>{45ce2a62-c02a-4c07-a92c-f025a184830b}</UniqueIdentifier>
    </Filter>
    <Filter Include="Input">
      <UniqueIdentifier>{58e2a970-4942-4936-b536-d775fe8235e6}</UniqueIdentifier>
    </Filter>
    <Filter Include="Resources">
      <UniqueIdentifier>{25615ecf-c80e-40e6-86cd-9068430ea2a1}</UniqueIdentifier>
    </Filter>
    <Filter Include="Components">
      <UniqueIdentifier>{71b26b4f-4295-4284-8bf3-4af25518c83b}</UniqueIdentifier>
    </Filter>
    <Filter Include="Integration">
      <UniqueIdentifier>{bc94bfb1-3c69-4f02-8686-22138b96e082}</UniqueIdentifier>
    </Filter>
  </ItemGroup>
  <ItemGroup>
    <ClInclude Include="Transform.h">
      <Filter>start files</Filter>
    </ClInclude>
    <ClInclude Include="InputManager.h">
      <Filter>start files</Filter>
    </ClInclude>
    <ClInclude Include="Multiverse.h">
      <Filter>Core</Filter>
    </ClInclude>
    <ClInclude Include="setup.h">
      <Filter>Core</Filter>
    </ClInclude>
    <ClInclude Include="IDList.h">
      <Filter>Utility</Filter>
    </ClInclude>
    <ClInclude Include="Universe.h">
      <Filter>Core</Filter>
    </ClInclude>
    <ClInclude Include="Entity.h">
      <Filter>Core</Filter>
    </ClInclude>
    <ClInclude Include="Component.h">
      <Filter>Core</Filter>
    </ClInclude>
    <ClInclude Include="Hash.h">
      <Filter>Utility</Filter>
    </ClInclude>
    <ClInclude Include="Matrix.h">
      <Filter>Maths</Filter>
    </ClInclude>
    <ClInclude Include="Vector.h">
      <Filter>Maths</Filter>
    </ClInclude>
    <ClInclude Include="pch.h">
      <Filter>Core</Filter>
    </ClInclude>
    <ClInclude Include="Renderer.h">
      <Filter>Graphics</Filter>
    </ClInclude>
    <ClInclude Include="ServiceLocator.h">
      <Filter>Services</Filter>
    </ClInclude>
    <ClInclude Include="TemplateUtils.h">
      <Filter>Utility</Filter>
    </ClInclude>
    <ClInclude Include="ServiceProxy.h">
      <Filter>Services</Filter>
    </ClInclude>
    <ClInclude Include="Input.h">
      <Filter>Services</Filter>
    </ClInclude>
    <ClInclude Include="InputHandlerSDL.h">
      <Filter>Input</Filter>
    </ClInclude>
    <ClInclude Include="Scancodes.h">
      <Filter>Input</Filter>
    </ClInclude>
    <ClInclude Include="Scene.h">
      <Filter>Graphics</Filter>
    </ClInclude>
    <ClInclude Include="SceneManager.h">
      <Filter>Graphics</Filter>
    </ClInclude>
    <ClInclude Include="SceneObject.h">
      <Filter>Graphics</Filter>
    </ClInclude>
    <ClInclude Include="Quaternion.h">
      <Filter>Maths</Filter>
    </ClInclude>
    <ClInclude Include="Shader.h">
      <Filter>Graphics</Filter>
    </ClInclude>
    <ClInclude Include="Resource.h">
      <Filter>Resources</Filter>
    </ClInclude>
    <ClInclude Include="ResourceLoader.h">
      <Filter>Resources</Filter>
    </ClInclude>
    <ClInclude Include="ResourceManager.h">
      <Filter>Resources</Filter>
    </ClInclude>
    <ClInclude Include="Texture.h">
      <Filter>Resources</Filter>
    </ClInclude>
    <ClInclude Include="Mesh.h">
      <Filter>Resources</Filter>
    </ClInclude>
    <ClInclude Include="Font.h">
      <Filter>Resources</Filter>
    </ClInclude>
    <ClInclude Include="Event.h">
      <Filter>Utility</Filter>
    </ClInclude>
    <ClInclude Include="TextComponent.h">
      <Filter>Components</Filter>
    </ClInclude>
    <ClInclude Include="Singleton.h">
      <Filter>Utility</Filter>
    </ClInclude>
    <ClInclude Include="integration\FreeType.h">
      <Filter>Integration</Filter>
    </ClInclude>
  </ItemGroup>
  <ItemGroup>
    <ClCompile Include="InputManager.cpp">
      <Filter>start files</Filter>
    </ClCompile>
    <ClCompile Include="Transform.cpp">
      <Filter>start files</Filter>
    </ClCompile>
    <ClCompile Include="Multiverse.cpp">
      <Filter>Core</Filter>
    </ClCompile>
    <ClCompile Include="Universe.cpp">
      <Filter>Core</Filter>
    </ClCompile>
    <ClCompile Include="Entity.cpp">
      <Filter>Core</Filter>
    </ClCompile>
    <ClCompile Include="Component.cpp">
      <Filter>Core</Filter>
    </ClCompile>
    <ClCompile Include="pch.cpp">
      <Filter>Core</Filter>
    </ClCompile>
    <ClCompile Include="Renderer.cpp">
      <Filter>Graphics</Filter>
    </ClCompile>
    <ClCompile Include="InputHandlerSDL.cpp">
      <Filter>Input</Filter>
    </ClCompile>
    <ClCompile Include="SceneObject.cpp">
      <Filter>Graphics</Filter>
    </ClCompile>
    <ClCompile Include="SceneManager.cpp">
      <Filter>Graphics</Filter>
    </ClCompile>
    <ClCompile Include="Scene.cpp">
      <Filter>Graphics</Filter>
    </ClCompile>
    <ClCompile Include="Shader.cpp">
      <Filter>Graphics</Filter>
    </ClCompile>
    <ClCompile Include="Resource.cpp">
      <Filter>Resources</Filter>
    </ClCompile>
    <ClCompile Include="ResourceManager.cpp">
      <Filter>Resources</Filter>
    </ClCompile>
    <ClCompile Include="Texture.cpp">
      <Filter>Resources</Filter>
    </ClCompile>
    <ClCompile Include="Mesh.cpp">
      <Filter>Resources</Filter>
    </ClCompile>
    <ClCompile Include="Font.cpp">
      <Filter>Resources</Filter>
    </ClCompile>
    <ClCompile Include="TextComponent.cpp">
      <Filter>Components</Filter>
    </ClCompile>
    <ClCompile Include="integration\glad.cpp">
      <Filter>Integration</Filter>
    </ClCompile>
    <ClCompile Include="integration\stb_image.cpp">
      <Filter>Integration</Filter>
    </ClCompile>
    <ClCompile Include="integration\FreeType.cpp">
      <Filter>Integration</Filter>
    </ClCompile>
  </ItemGroup>
  <ItemGroup>
    <None Include="IDList.inl">
      <Filter>Utility</Filter>
    </None>
    <None Include="Universe.inl">
      <Filter>Core</Filter>
    </None>
    <None Include="Entity.inl">
      <Filter>Core</Filter>
    </None>
    <None Include="Component.inl">
      <Filter>Core</Filter>
    </None>
    <None Include="Matrix.inl">
      <Filter>Maths</Filter>
    </None>
    <None Include="Vector.inl">
      <Filter>Maths</Filter>
    </None>
    <None Include="ServiceLocator.inl">
      <Filter>Services</Filter>
    </None>
    <None Include="ServiceProxy.inl">
      <Filter>Services</Filter>
    </None>
    <None Include="Quaternion.inl">
      <Filter>Maths</Filter>
    </None>
    <None Include="ResourceManager.inl">
      <Filter>Resources</Filter>
    </None>
    <None Include="Event.inl">
      <Filter>Utility</Filter>
    </None>
    <None Include="Singleton.inl">
      <Filter>Utility</Filter>
    </None>
  </ItemGroup>
</Project>