<?xml version="1.0" encoding="utf-8"?>
<Project ToolsVersion="4.0" xmlns="http://schemas.microsoft.com/developer/msbuild/2003">
  <ItemGroup>
    <Filter Include="start files">
      <UniqueIdentifier>{a42e95f7-86ce-4b62-b065-f408340c10f0}</UniqueIdentifier>
    </Filter>
    <Filter Include="Core">
      <UniqueIdentifier>{b65e061f-ddc3-453f-90bb-aabaa8e59907}</UniqueIdentifier>
    </Filter>
    <Filter Include="Utility">
      <UniqueIdentifier>{f2b1377a-192b-4140-90b7-61456a732f83}</UniqueIdentifier>
    </Filter>
    <Filter Include="Maths">
      <UniqueIdentifier>{b50ac7cd-d6fc-4bd4-9407-fd5cb84106ca}</UniqueIdentifier>
    </Filter>
    <Filter Include="Graphics">
      <UniqueIdentifier>{9cb95e3d-54cc-4687-84f9-9a840030b6c4}</UniqueIdentifier>
    </Filter>
  </ItemGroup>
  <ItemGroup>
    <ClInclude Include="Transform.h">
      <Filter>start files</Filter>
    </ClInclude>
    <ClInclude Include="Font.h">
      <Filter>start files</Filter>
    </ClInclude>
    <ClInclude Include="GameObject.h">
      <Filter>start files</Filter>
    </ClInclude>
    <ClInclude Include="InputManager.h">
      <Filter>start files</Filter>
    </ClInclude>
    <ClInclude Include="ResourceManager.h">
      <Filter>start files</Filter>
    </ClInclude>
    <ClInclude Include="Scene.h">
      <Filter>start files</Filter>
    </ClInclude>
    <ClInclude Include="SceneManager.h">
      <Filter>start files</Filter>
    </ClInclude>
    <ClInclude Include="SceneObject.h">
      <Filter>start files</Filter>
    </ClInclude>
    <ClInclude Include="Singleton.h">
      <Filter>start files</Filter>
    </ClInclude>
    <ClInclude Include="TextObject.h">
      <Filter>start files</Filter>
    </ClInclude>
    <ClInclude Include="Texture2D.h">
      <Filter>start files</Filter>
    </ClInclude>
    <ClInclude Include="Multiverse.h">
      <Filter>Core</Filter>
    </ClInclude>
    <ClInclude Include="setup.h">
      <Filter>Core</Filter>
    </ClInclude>
    <ClInclude Include="IDList.h">
      <Filter>Utility</Filter>
    </ClInclude>
    <ClInclude Include="Universe.h">
      <Filter>Core</Filter>
    </ClInclude>
    <ClInclude Include="Entity.h">
      <Filter>Core</Filter>
    </ClInclude>
    <ClInclude Include="Component.h">
      <Filter>Core</Filter>
    </ClInclude>
    <ClInclude Include="Hash.h">
      <Filter>Utility</Filter>
    </ClInclude>
    <ClInclude Include="Matrix.h">
      <Filter>Maths</Filter>
    </ClInclude>
    <ClInclude Include="Vector.h">
      <Filter>Maths</Filter>
    </ClInclude>
    <ClInclude Include="pch.h">
      <Filter>Core</Filter>
    </ClInclude>
    <ClInclude Include="Renderer.h">
      <Filter>Graphics</Filter>
    </ClInclude>
  </ItemGroup>
  <ItemGroup>
    <ClCompile Include="Font.cpp">
      <Filter>start files</Filter>
    </ClCompile>
    <ClCompile Include="GameObject.cpp">
      <Filter>start files</Filter>
    </ClCompile>
    <ClCompile Include="InputManager.cpp">
      <Filter>start files</Filter>
    </ClCompile>
    <ClCompile Include="ResourceManager.cpp">
      <Filter>start files</Filter>
    </ClCompile>
    <ClCompile Include="Scene.cpp">
      <Filter>start files</Filter>
    </ClCompile>
    <ClCompile Include="SceneManager.cpp">
      <Filter>start files</Filter>
    </ClCompile>
    <ClCompile Include="TextObject.cpp">
      <Filter>start files</Filter>
    </ClCompile>
    <ClCompile Include="Texture2D.cpp">
      <Filter>start files</Filter>
    </ClCompile>
    <ClCompile Include="Transform.cpp">
      <Filter>start files</Filter>
    </ClCompile>
    <ClCompile Include="Multiverse.cpp">
      <Filter>Core</Filter>
    </ClCompile>
    <ClCompile Include="Universe.cpp">
      <Filter>Core</Filter>
    </ClCompile>
    <ClCompile Include="Entity.cpp">
      <Filter>Core</Filter>
    </ClCompile>
    <ClCompile Include="Component.cpp">
      <Filter>Core</Filter>
    </ClCompile>
    <ClCompile Include="pch.cpp">
      <Filter>Core</Filter>
    </ClCompile>
    <ClCompile Include="glad.cpp">
      <Filter>Graphics</Filter>
    </ClCompile>
    <ClCompile Include="Renderer.cpp">
      <Filter>Graphics</Filter>
    </ClCompile>
  </ItemGroup>
  <ItemGroup>
    <None Include="IDList.inl">
      <Filter>Utility</Filter>
    </None>
    <None Include="Universe.inl">
      <Filter>Core</Filter>
    </None>
    <None Include="Entity.inl">
      <Filter>Core</Filter>
    </None>
    <None Include="Component.inl">
      <Filter>Core</Filter>
    </None>
    <None Include="Matrix.inl">
      <Filter>Maths</Filter>
    </None>
    <None Include="Vector.inl">
      <Filter>Maths</Filter>
    </None>
  </ItemGroup>
</Project>